schema: '2.0'
stages:
  answer-questions:
    cmd: python answer_questions.py --dataset-path bdsaglam/musique-sweep --dataset-name
      answerable --dataset-split train --model llama-3-70b-tgi --temperature 1.5 --system-prompt-filepath
      data/raw/system-prompts/ccot/excellent-format-thought.txt --user-prompt-template-filepath
      data/raw/user-prompt-templates/cq.txt --few-shot-examples-filepath data/raw/few-shot-examples/auto/ccot.json
      --n-shot 0 --out data/generated/qa-results/
    deps:
    - path: answer_questions.py
      hash: md5
      md5: 4312a0fe50da3b1441e7322f45549de3
      size: 3792
    - path: data/raw/few-shot-examples/auto/ccot.json
      hash: md5
      md5: af6dec4fd978e7c337a06c166a3b5783
      size: 345165
    - path: data/raw/system-prompts/ccot/excellent-format-thought.txt
      hash: md5
      md5: 721b4979cb87c7db653528cc5bf8b130
      size: 246
    - path: data/raw/user-prompt-templates/cq.txt
      hash: md5
      md5: ac4fa9e31f4b2f7d489ceaae22dbc7ea
      size: 41
    params:
      params.yaml:
        dataset.name: answerable
        dataset.path: bdsaglam/musique-sweep
        dataset.split: train
        qa.few_shot_examples: auto/ccot.json
        qa.model: llama-3-70b-tgi
        qa.n_shot: 0
        qa.system_prompt: ccot/excellent-format-thought.txt
        qa.temperature: 1.5
        qa.user_prompt_template: cq.txt
        run: 2
    outs:
    - path: data/generated/qa-results/
      hash: md5
      md5: 668df9efa49aba336ce5399b60c15596.dir
      size: 1341059
      nfiles: 301
  evaluate-answers:
    cmd: python evaluate_answers.py --dataset-path bdsaglam/musique-sweep --dataset-name
      answerable --dataset-split train --qa-dir data/generated/qa-results/ --out data/generated/evals/
    deps:
    - path: data/generated/qa-results/
      hash: md5
      md5: 668df9efa49aba336ce5399b60c15596.dir
      size: 1341059
      nfiles: 301
    - path: evaluate_answers.py
      hash: md5
      md5: c8ce61d45d52c5112b749ceee603cb4c
      size: 1940
    params:
      params.yaml:
        dataset.name: answerable
        dataset.path: bdsaglam/musique-sweep
        dataset.split: train
    outs:
    - path: data/generated/evals/
      hash: md5
      md5: 9fed14b093baf42d2c300ce70de86487.dir
      size: 48536
      nfiles: 301
  report:
    cmd: python report.py --dataset-path bdsaglam/musique-sweep --dataset-name answerable
      --dataset-split train --qa-dir data/generated/qa-results/ --evals-dir data/generated/evals/
      --out data/generated/reports/
    deps:
    - path: data/generated/evals/
      hash: md5
      md5: 9fed14b093baf42d2c300ce70de86487.dir
      size: 48536
      nfiles: 301
    - path: data/generated/qa-results/
      hash: md5
      md5: 668df9efa49aba336ce5399b60c15596.dir
      size: 1341059
      nfiles: 301
    - path: report.py
      hash: md5
      md5: 66801b6ff2f7ae0d4ee65c93eb0eaea3
      size: 3265
    params:
      params.yaml:
        dataset.name: answerable
        dataset.path: bdsaglam/musique-sweep
        dataset.split: train
    outs:
    - path: data/generated/reports/efficiency.json
      hash: md5
      md5: af90653a733609b72c6a91436e089a61
      size: 606
    - path: data/generated/reports/results.jsonl
      hash: md5
      md5: 9b5aabfc123c794c362553e78489cc91
      size: 1313882
    - path: data/generated/reports/scores.json
      hash: md5
      md5: 8d4984ca3d51cff41338922b9f4c6b98
      size: 391
