schema: '2.0'
stages:
  answer-questions:
    cmd: python answer_questions.py --dataset-path bdsaglam/musique-sweep --dataset-name
      answerable --dataset-split train --model llama-3-70b-tgi --temperature 1.0 --system-prompt-filepath
      data/raw/system-prompts/cte/format-triplets-few.txt --user-prompt-template-filepath
      data/raw/user-prompt-templates/cq.txt --few-shot-examples-filepath data/raw/few-shot-examples/auto/cte.json
      --n-shot 6 --out data/generated/qa-results/
    deps:
    - path: answer_questions.py
      hash: md5
      md5: 4312a0fe50da3b1441e7322f45549de3
      size: 3792
    - path: data/raw/few-shot-examples/auto/cte.json
      hash: md5
      md5: c8714a4e43baa4331c3b2006e791956d
      size: 353716
    - path: data/raw/system-prompts/cte/format-triplets-few.txt
      hash: md5
      md5: 4054b3f0326234c7e883de51d369b6ed
      size: 344
    - path: data/raw/user-prompt-templates/cq.txt
      hash: md5
      md5: ac4fa9e31f4b2f7d489ceaae22dbc7ea
      size: 41
    params:
      params.yaml:
        dataset.name: answerable
        dataset.path: bdsaglam/musique-sweep
        dataset.split: train
        qa.few_shot_examples: auto/cte.json
        qa.model: llama-3-70b-tgi
        qa.n_shot: 6
        qa.system_prompt: cte/format-triplets-few.txt
        qa.temperature: 1.0
        qa.user_prompt_template: cq.txt
        run: 1
    outs:
    - path: data/generated/qa-results/
      hash: md5
      md5: f176c712e5698fe793d5e1a84e6313dd.dir
      size: 1329125
      nfiles: 301
  evaluate-answers:
    cmd: python evaluate_answers.py --dataset-path bdsaglam/musique-sweep --dataset-name
      answerable --dataset-split train --qa-dir data/generated/qa-results/ --out data/generated/evals/
    deps:
    - path: data/generated/qa-results/
      hash: md5
      md5: f176c712e5698fe793d5e1a84e6313dd.dir
      size: 1329125
      nfiles: 301
    - path: evaluate_answers.py
      hash: md5
      md5: c8ce61d45d52c5112b749ceee603cb4c
      size: 1940
    params:
      params.yaml:
        dataset.name: answerable
        dataset.path: bdsaglam/musique-sweep
        dataset.split: train
    outs:
    - path: data/generated/evals/
      hash: md5
      md5: fa55b65a3980c815107e6b7b48d97bdc.dir
      size: 49560
      nfiles: 301
  report:
    cmd: python report.py --dataset-path bdsaglam/musique-sweep --dataset-name answerable
      --dataset-split train --qa-dir data/generated/qa-results/ --evals-dir data/generated/evals/
      --out data/generated/reports/
    deps:
    - path: data/generated/evals/
      hash: md5
      md5: fa55b65a3980c815107e6b7b48d97bdc.dir
      size: 49560
      nfiles: 301
    - path: data/generated/qa-results/
      hash: md5
      md5: f176c712e5698fe793d5e1a84e6313dd.dir
      size: 1329125
      nfiles: 301
    - path: report.py
      hash: md5
      md5: 66801b6ff2f7ae0d4ee65c93eb0eaea3
      size: 3265
    params:
      params.yaml:
        dataset.name: answerable
        dataset.path: bdsaglam/musique-sweep
        dataset.split: train
    outs:
    - path: data/generated/reports/efficiency.json
      hash: md5
      md5: 5a68bf6567c71f2fe5f802688ab26b44
      size: 628
    - path: data/generated/reports/results.jsonl
      hash: md5
      md5: 3002e74f623befd93751bb24117760c4
      size: 1302414
    - path: data/generated/reports/scores.json
      hash: md5
      md5: a996cca64219538b342d27ed9bb8d6a0
      size: 380
