schema: '2.0'
stages:
  answer-questions:
    cmd: python answer_questions.py --dataset-path bdsaglam/musique-sweep --dataset-name
      answerable --dataset-split train --model llama-3-70b-tgi --temperature 0.5 --system-prompt-filepath
      data/raw/system-prompts/cte/excellent-format-triplets-few.txt --user-prompt-template-filepath
      data/raw/user-prompt-templates/cq.txt --few-shot-examples-filepath data/raw/few-shot-examples/auto/cte.json
      --n-shot 1 --out data/generated/qa-results/
    deps:
    - path: answer_questions.py
      hash: md5
      md5: 4312a0fe50da3b1441e7322f45549de3
      size: 3792
    - path: data/raw/few-shot-examples/auto/cte.json
      hash: md5
      md5: c8714a4e43baa4331c3b2006e791956d
      size: 353716
    - path: data/raw/system-prompts/cte/excellent-format-triplets-few.txt
      hash: md5
      md5: 14ce4fdcf0be7295e3dfe19ac7cfd0fd
      size: 442
    - path: data/raw/user-prompt-templates/cq.txt
      hash: md5
      md5: ac4fa9e31f4b2f7d489ceaae22dbc7ea
      size: 41
    params:
      params.yaml:
        dataset.name: answerable
        dataset.path: bdsaglam/musique-sweep
        dataset.split: train
        qa.few_shot_examples: auto/cte.json
        qa.model: llama-3-70b-tgi
        qa.n_shot: 1
        qa.system_prompt: cte/excellent-format-triplets-few.txt
        qa.temperature: 0.5
        qa.user_prompt_template: cq.txt
        run: 2
    outs:
    - path: data/generated/qa-results/
      hash: md5
      md5: 9d2f4b28a726e9eda7d54cf4c48b4c14.dir
      size: 1338745
      nfiles: 301
  evaluate-answers:
    cmd: python evaluate_answers.py --dataset-path bdsaglam/musique-sweep --dataset-name
      answerable --dataset-split train --qa-dir data/generated/qa-results/ --out data/generated/evals/
    deps:
    - path: data/generated/qa-results/
      hash: md5
      md5: 9d2f4b28a726e9eda7d54cf4c48b4c14.dir
      size: 1338745
      nfiles: 301
    - path: evaluate_answers.py
      hash: md5
      md5: c8ce61d45d52c5112b749ceee603cb4c
      size: 1940
    params:
      params.yaml:
        dataset.name: answerable
        dataset.path: bdsaglam/musique-sweep
        dataset.split: train
    outs:
    - path: data/generated/evals/
      hash: md5
      md5: f81903ef970ad14e37f8201f71b7548f.dir
      size: 47156
      nfiles: 301
  report:
    cmd: python report.py --dataset-path bdsaglam/musique-sweep --dataset-name answerable
      --dataset-split train --qa-dir data/generated/qa-results/ --evals-dir data/generated/evals/
      --out data/generated/reports/
    deps:
    - path: data/generated/evals/
      hash: md5
      md5: f81903ef970ad14e37f8201f71b7548f.dir
      size: 47156
      nfiles: 301
    - path: data/generated/qa-results/
      hash: md5
      md5: 9d2f4b28a726e9eda7d54cf4c48b4c14.dir
      size: 1338745
      nfiles: 301
    - path: report.py
      hash: md5
      md5: 66801b6ff2f7ae0d4ee65c93eb0eaea3
      size: 3265
    params:
      params.yaml:
        dataset.name: answerable
        dataset.path: bdsaglam/musique-sweep
        dataset.split: train
    outs:
    - path: data/generated/reports/efficiency.json
      hash: md5
      md5: 71b149dea3bd5e12526cc55033f264dd
      size: 619
    - path: data/generated/reports/results.jsonl
      hash: md5
      md5: 8cb5bd1dbf2b93203ca6ab0cffe9c140
      size: 1309755
    - path: data/generated/reports/scores.json
      hash: md5
      md5: a374577661e3e44581295c5adaafe0c1
      size: 381
